
Microsoft Visual Studio Solution File, Format Version 10.00
# Visual C++ Express 2008
Project("{8BC9CEB8-8B4A-11D0-8D11-00A0C91BC942}") = "QuantLibXLStatic", "qlxl\QuantLibXLStatic_vc9.vcproj", "{E2A6F3D4-19EF-419A-A529-9FC53E6DB0B6}"
EndProject
Global
	GlobalSection(SolutionConfigurationPlatforms) = preSolution
		Debug|Win32 = Debug|Win32
		Release|Win32 = Release|Win32
	EndGlobalSection
	GlobalSection(ProjectConfigurationPlatforms) = postSolution
		{E2A6F3D4-19EF-419A-A529-9FC53E6DB0B6}.Debug|Win32.ActiveCfg = Debug|Win32
		{E2A6F3D4-19EF-419A-A529-9FC53E6DB0B6}.Debug|Win32.Build.0 = Debug|Win32
		{E2A6F3D4-19EF-419A-A529-9FC53E6DB0B6}.Release|Win32.ActiveCfg = Release|Win32
		{E2A6F3D4-19EF-419A-A529-9FC53E6DB0B6}.Release|Win32.Build.0 = Release|Win32
	EndGlobalSection
	GlobalSection(SolutionProperties) = preSolution
		HideSolutionNode = FALSE
	EndGlobalSection
EndGlobal
